
Microsoft Visual Studio Solution File, Format Version 12.00
# Visual Studio 15
VisualStudioVersion = 15.0.26403.3
MinimumVisualStudioVersion = 10.0.40219.1
Project("{FAE04EC0-301F-11D3-BF4B-00C04F79EFBC}") = "WpfMvvmBindingPack.Demo", "WpfMvvmBindingPack.Demo\WpfMvvmBindingPack.Demo.csproj", "{7C05BF49-B114-48F3-8D86-E54DB08F5004}"
EndProject
Project("{2150E333-8FDC-42A3-9474-1A3956D46DE8}") = "Solution Items", "Solution Items", "{4A238DB0-1BAE-496B-AB7F-5B927EEE02A0}"
	ProjectSection(SolutionItems) = preProject
		..\README.md = ..\README.md
	EndProjectSection
EndProject
Project("{FAE04EC0-301F-11D3-BF4B-00C04F79EFBC}") = "WpfMvvmBindingPack.DemoUW10", "WpfMvvmBindingPack.DemoUW10\WpfMvvmBindingPack.DemoUW10.csproj", "{495F3424-0773-4449-84B1-2A574FE8A1E3}"
EndProject
Project("{9A19103F-16F7-4668-BE54-9A1E7A4F7556}") = "MvvmBindingPack", "..\MvvmBindingPack\src\MvvmBindingPack\MvvmBindingPack.csproj", "{0BB70877-4525-44C5-B106-6F1345E91901}"
EndProject
Project("{FAE04EC0-301F-11D3-BF4B-00C04F79EFBC}") = "MvvmBindingPack.UW10", "..\MvvmBindingPack\src\MvvmBindingPack.UW10\MvvmBindingPack.UW10.csproj", "{528BC263-7E93-49DD-9A44-5C13F5DC4113}"
EndProject
Global
	GlobalSection(SolutionConfigurationPlatforms) = preSolution
		Debug|Any CPU = Debug|Any CPU
		Debug|ARM = Debug|ARM
		Debug|x64 = Debug|x64
		Debug|x86 = Debug|x86
		Release|Any CPU = Release|Any CPU
		Release|ARM = Release|ARM
		Release|x64 = Release|x64
		Release|x86 = Release|x86
	EndGlobalSection
	GlobalSection(ProjectConfigurationPlatforms) = postSolution
		{7C05BF49-B114-48F3-8D86-E54DB08F5004}.Debug|Any CPU.ActiveCfg = Debug|Any CPU
		{7C05BF49-B114-48F3-8D86-E54DB08F5004}.Debug|Any CPU.Build.0 = Debug|Any CPU
		{7C05BF49-B114-48F3-8D86-E54DB08F5004}.Debug|ARM.ActiveCfg = Debug|Any CPU
		{7C05BF49-B114-48F3-8D86-E54DB08F5004}.Debug|ARM.Build.0 = Debug|Any CPU
		{7C05BF49-B114-48F3-8D86-E54DB08F5004}.Debug|x64.ActiveCfg = Debug|Any CPU
		{7C05BF49-B114-48F3-8D86-E54DB08F5004}.Debug|x64.Build.0 = Debug|Any CPU
		{7C05BF49-B114-48F3-8D86-E54DB08F5004}.Debug|x86.ActiveCfg = Debug|Any CPU
		{7C05BF49-B114-48F3-8D86-E54DB08F5004}.Debug|x86.Build.0 = Debug|Any CPU
		{7C05BF49-B114-48F3-8D86-E54DB08F5004}.Release|Any CPU.ActiveCfg = Release|Any CPU
		{7C05BF49-B114-48F3-8D86-E54DB08F5004}.Release|Any CPU.Build.0 = Release|Any CPU
		{7C05BF49-B114-48F3-8D86-E54DB08F5004}.Release|ARM.ActiveCfg = Release|Any CPU
		{7C05BF49-B114-48F3-8D86-E54DB08F5004}.Release|ARM.Build.0 = Release|Any CPU
		{7C05BF49-B114-48F3-8D86-E54DB08F5004}.Release|x64.ActiveCfg = Release|Any CPU
		{7C05BF49-B114-48F3-8D86-E54DB08F5004}.Release|x64.Build.0 = Release|Any CPU
		{7C05BF49-B114-48F3-8D86-E54DB08F5004}.Release|x86.ActiveCfg = Release|Any CPU
		{7C05BF49-B114-48F3-8D86-E54DB08F5004}.Release|x86.Build.0 = Release|Any CPU
		{495F3424-0773-4449-84B1-2A574FE8A1E3}.Debug|Any CPU.ActiveCfg = Debug|x86
		{495F3424-0773-4449-84B1-2A574FE8A1E3}.Debug|ARM.ActiveCfg = Debug|ARM
		{495F3424-0773-4449-84B1-2A574FE8A1E3}.Debug|ARM.Build.0 = Debug|ARM
		{495F3424-0773-4449-84B1-2A574FE8A1E3}.Debug|ARM.Deploy.0 = Debug|ARM
		{495F3424-0773-4449-84B1-2A574FE8A1E3}.Debug|x64.ActiveCfg = Debug|x64
		{495F3424-0773-4449-84B1-2A574FE8A1E3}.Debug|x64.Build.0 = Debug|x64
		{495F3424-0773-4449-84B1-2A574FE8A1E3}.Debug|x64.Deploy.0 = Debug|x64
		{495F3424-0773-4449-84B1-2A574FE8A1E3}.Debug|x86.ActiveCfg = Debug|x86
		{495F3424-0773-4449-84B1-2A574FE8A1E3}.Debug|x86.Build.0 = Debug|x86
		{495F3424-0773-4449-84B1-2A574FE8A1E3}.Debug|x86.Deploy.0 = Debug|x86
		{495F3424-0773-4449-84B1-2A574FE8A1E3}.Release|Any CPU.ActiveCfg = Release|x86
		{495F3424-0773-4449-84B1-2A574FE8A1E3}.Release|ARM.ActiveCfg = Release|ARM
		{495F3424-0773-4449-84B1-2A574FE8A1E3}.Release|ARM.Build.0 = Release|ARM
		{495F3424-0773-4449-84B1-2A574FE8A1E3}.Release|ARM.Deploy.0 = Release|ARM
		{495F3424-0773-4449-84B1-2A574FE8A1E3}.Release|x64.ActiveCfg = Release|x64
		{495F3424-0773-4449-84B1-2A574FE8A1E3}.Release|x64.Build.0 = Release|x64
		{495F3424-0773-4449-84B1-2A574FE8A1E3}.Release|x64.Deploy.0 = Release|x64
		{495F3424-0773-4449-84B1-2A574FE8A1E3}.Release|x86.ActiveCfg = Release|x86
		{495F3424-0773-4449-84B1-2A574FE8A1E3}.Release|x86.Build.0 = Release|x86
		{495F3424-0773-4449-84B1-2A574FE8A1E3}.Release|x86.Deploy.0 = Release|x86
		{0BB70877-4525-44C5-B106-6F1345E91901}.Debug|Any CPU.ActiveCfg = Debug|Any CPU
		{0BB70877-4525-44C5-B106-6F1345E91901}.Debug|Any CPU.Build.0 = Debug|Any CPU
		{0BB70877-4525-44C5-B106-6F1345E91901}.Debug|ARM.ActiveCfg = Debug|Any CPU
		{0BB70877-4525-44C5-B106-6F1345E91901}.Debug|ARM.Build.0 = Debug|Any CPU
		{0BB70877-4525-44C5-B106-6F1345E91901}.Debug|x64.ActiveCfg = Debug|Any CPU
		{0BB70877-4525-44C5-B106-6F1345E91901}.Debug|x64.Build.0 = Debug|Any CPU
		{0BB70877-4525-44C5-B106-6F1345E91901}.Debug|x86.ActiveCfg = Debug|Any CPU
		{0BB70877-4525-44C5-B106-6F1345E91901}.Debug|x86.Build.0 = Debug|Any CPU
		{0BB70877-4525-44C5-B106-6F1345E91901}.Release|Any CPU.ActiveCfg = Release|Any CPU
		{0BB70877-4525-44C5-B106-6F1345E91901}.Release|Any CPU.Build.0 = Release|Any CPU
		{0BB70877-4525-44C5-B106-6F1345E91901}.Release|ARM.ActiveCfg = Release|Any CPU
		{0BB70877-4525-44C5-B106-6F1345E91901}.Release|ARM.Build.0 = Release|Any CPU
		{0BB70877-4525-44C5-B106-6F1345E91901}.Release|x64.ActiveCfg = Release|Any CPU
		{0BB70877-4525-44C5-B106-6F1345E91901}.Release|x64.Build.0 = Release|Any CPU
		{0BB70877-4525-44C5-B106-6F1345E91901}.Release|x86.ActiveCfg = Release|Any CPU
		{0BB70877-4525-44C5-B106-6F1345E91901}.Release|x86.Build.0 = Release|Any CPU
		{528BC263-7E93-49DD-9A44-5C13F5DC4113}.Debug|Any CPU.ActiveCfg = Debug|Any CPU
		{528BC263-7E93-49DD-9A44-5C13F5DC4113}.Debug|Any CPU.Build.0 = Debug|Any CPU
		{528BC263-7E93-49DD-9A44-5C13F5DC4113}.Debug|ARM.ActiveCfg = Debug|Any CPU
		{528BC263-7E93-49DD-9A44-5C13F5DC4113}.Debug|ARM.Build.0 = Debug|Any CPU
		{528BC263-7E93-49DD-9A44-5C13F5DC4113}.Debug|x64.ActiveCfg = Debug|Any CPU
		{528BC263-7E93-49DD-9A44-5C13F5DC4113}.Debug|x64.Build.0 = Debug|Any CPU
		{528BC263-7E93-49DD-9A44-5C13F5DC4113}.Debug|x86.ActiveCfg = Debug|Any CPU
		{528BC263-7E93-49DD-9A44-5C13F5DC4113}.Debug|x86.Build.0 = Debug|Any CPU
		{528BC263-7E93-49DD-9A44-5C13F5DC4113}.Release|Any CPU.ActiveCfg = Release|Any CPU
		{528BC263-7E93-49DD-9A44-5C13F5DC4113}.Release|Any CPU.Build.0 = Release|Any CPU
		{528BC263-7E93-49DD-9A44-5C13F5DC4113}.Release|ARM.ActiveCfg = Release|Any CPU
		{528BC263-7E93-49DD-9A44-5C13F5DC4113}.Release|ARM.Build.0 = Release|Any CPU
		{528BC263-7E93-49DD-9A44-5C13F5DC4113}.Release|x64.ActiveCfg = Release|Any CPU
		{528BC263-7E93-49DD-9A44-5C13F5DC4113}.Release|x64.Build.0 = Release|Any CPU
		{528BC263-7E93-49DD-9A44-5C13F5DC4113}.Release|x86.ActiveCfg = Release|Any CPU
		{528BC263-7E93-49DD-9A44-5C13F5DC4113}.Release|x86.Build.0 = Release|Any CPU
	EndGlobalSection
	GlobalSection(SolutionProperties) = preSolution
		HideSolutionNode = FALSE
	EndGlobalSection
	GlobalSection(ExtensibilityGlobals) = postSolution
		SolutionGuid = {27F32C6C-072E-48CB-8D24-36D74DC91071}
	EndGlobalSection
EndGlobal
